
Microsoft Visual Studio Solution File, Format Version 12.00
# Visual Studio Version 16
VisualStudioVersion = 16.0.28922.388
MinimumVisualStudioVersion = 10.0.40219.1
Project("{FAE04EC0-301F-11D3-BF4B-00C04F79EFBC}") = "WpfWebshop", "WpfWebshop\WpfWebshop.csproj", "{E503C803-F793-4A9D-B4EC-3E53C914F2EA}"
EndProject
Project("{FAE04EC0-301F-11D3-BF4B-00C04F79EFBC}") = "WebApplicatieWebshop", "WebApplicatieWebshop\WebApplicatieWebshop.csproj", "{28DD51F0-D2C4-44AB-AC77-40B114E05BFC}"
EndProject
Global
	GlobalSection(SolutionConfigurationPlatforms) = preSolution
		Debug|Any CPU = Debug|Any CPU
		Release|Any CPU = Release|Any CPU
	EndGlobalSection
	GlobalSection(ProjectConfigurationPlatforms) = postSolution
		{E503C803-F793-4A9D-B4EC-3E53C914F2EA}.Debug|Any CPU.ActiveCfg = Debug|Any CPU
		{E503C803-F793-4A9D-B4EC-3E53C914F2EA}.Debug|Any CPU.Build.0 = Debug|Any CPU
		{E503C803-F793-4A9D-B4EC-3E53C914F2EA}.Release|Any CPU.ActiveCfg = Release|Any CPU
		{E503C803-F793-4A9D-B4EC-3E53C914F2EA}.Release|Any CPU.Build.0 = Release|Any CPU
		{28DD51F0-D2C4-44AB-AC77-40B114E05BFC}.Debug|Any CPU.ActiveCfg = Debug|Any CPU
		{28DD51F0-D2C4-44AB-AC77-40B114E05BFC}.Debug|Any CPU.Build.0 = Debug|Any CPU
		{28DD51F0-D2C4-44AB-AC77-40B114E05BFC}.Release|Any CPU.ActiveCfg = Release|Any CPU
		{28DD51F0-D2C4-44AB-AC77-40B114E05BFC}.Release|Any CPU.Build.0 = Release|Any CPU
	EndGlobalSection
	GlobalSection(SolutionProperties) = preSolution
		HideSolutionNode = FALSE
	EndGlobalSection
	GlobalSection(ExtensibilityGlobals) = postSolution
		SolutionGuid = {1853A3BA-4444-41F4-854A-E8B666DA44DD}
	EndGlobalSection
EndGlobal
